
Microsoft Visual Studio Solution File, Format Version 12.00
# Visual Studio 15
VisualStudioVersion = 15.0.27130.2027
MinimumVisualStudioVersion = 10.0.40219.1
Project("{FAE04EC0-301F-11D3-BF4B-00C04F79EFBC}") = "TriangleMeth", "TriangleMeth\TriangleMeth.csproj", "{82B65C56-76B6-411E-ACBC-1E27094B0EA0}"
EndProject
Project("{FAE04EC0-301F-11D3-BF4B-00C04F79EFBC}") = "UnitTestTriangle", "UnitTestTriangle\UnitTestTriangle.csproj", "{3AFAAFDC-E829-44A6-BBD1-4B63E506102D}"
EndProject
Global
	GlobalSection(SolutionConfigurationPlatforms) = preSolution
		Debug|Any CPU = Debug|Any CPU
		Release|Any CPU = Release|Any CPU
	EndGlobalSection
	GlobalSection(ProjectConfigurationPlatforms) = postSolution
		{82B65C56-76B6-411E-ACBC-1E27094B0EA0}.Debug|Any CPU.ActiveCfg = Debug|Any CPU
		{82B65C56-76B6-411E-ACBC-1E27094B0EA0}.Debug|Any CPU.Build.0 = Debug|Any CPU
		{82B65C56-76B6-411E-ACBC-1E27094B0EA0}.Release|Any CPU.ActiveCfg = Release|Any CPU
		{82B65C56-76B6-411E-ACBC-1E27094B0EA0}.Release|Any CPU.Build.0 = Release|Any CPU
		{3AFAAFDC-E829-44A6-BBD1-4B63E506102D}.Debug|Any CPU.ActiveCfg = Debug|Any CPU
		{3AFAAFDC-E829-44A6-BBD1-4B63E506102D}.Debug|Any CPU.Build.0 = Debug|Any CPU
		{3AFAAFDC-E829-44A6-BBD1-4B63E506102D}.Release|Any CPU.ActiveCfg = Release|Any CPU
		{3AFAAFDC-E829-44A6-BBD1-4B63E506102D}.Release|Any CPU.Build.0 = Release|Any CPU
	EndGlobalSection
	GlobalSection(SolutionProperties) = preSolution
		HideSolutionNode = FALSE
	EndGlobalSection
	GlobalSection(ExtensibilityGlobals) = postSolution
		SolutionGuid = {FD71987E-3C0B-4C33-B9B0-CB2EFD4AFC03}
	EndGlobalSection
EndGlobal
