
Microsoft Visual Studio Solution File, Format Version 12.00
# Visual Studio 15
VisualStudioVersion = 15.0.28010.2046
MinimumVisualStudioVersion = 10.0.40219.1
Project("{FAE04EC0-301F-11D3-BF4B-00C04F79EFBC}") = "Sel_Test", "Sel_Test\Sel_Test.csproj", "{E1127BC2-C9F2-4779-BCBA-BD4237BB9A48}"
EndProject
Global
	GlobalSection(SolutionConfigurationPlatforms) = preSolution
		Debug|Any CPU = Debug|Any CPU
		Release|Any CPU = Release|Any CPU
	EndGlobalSection
	GlobalSection(ProjectConfigurationPlatforms) = postSolution
		{E1127BC2-C9F2-4779-BCBA-BD4237BB9A48}.Debug|Any CPU.ActiveCfg = Debug|Any CPU
		{E1127BC2-C9F2-4779-BCBA-BD4237BB9A48}.Debug|Any CPU.Build.0 = Debug|Any CPU
		{E1127BC2-C9F2-4779-BCBA-BD4237BB9A48}.Release|Any CPU.ActiveCfg = Release|Any CPU
		{E1127BC2-C9F2-4779-BCBA-BD4237BB9A48}.Release|Any CPU.Build.0 = Release|Any CPU
	EndGlobalSection
	GlobalSection(SolutionProperties) = preSolution
		HideSolutionNode = FALSE
	EndGlobalSection
	GlobalSection(ExtensibilityGlobals) = postSolution
		SolutionGuid = {E98F9618-D283-425C-B0E3-0D7B7A697B8E}
	EndGlobalSection
EndGlobal
