
Microsoft Visual Studio Solution File, Format Version 12.00
# Visual Studio 15
VisualStudioVersion = 15.0.28307.168
MinimumVisualStudioVersion = 10.0.40219.1
Project("{FAE04EC0-301F-11D3-BF4B-00C04F79EFBC}") = "Frm", "Frm\Frm.csproj", "{877C094E-DB4B-4D37-90D0-10245315B982}"
EndProject
Global
	GlobalSection(SolutionConfigurationPlatforms) = preSolution
		Debug|Any CPU = Debug|Any CPU
		Release|Any CPU = Release|Any CPU
	EndGlobalSection
	GlobalSection(ProjectConfigurationPlatforms) = postSolution
		{877C094E-DB4B-4D37-90D0-10245315B982}.Debug|Any CPU.ActiveCfg = Debug|Any CPU
		{877C094E-DB4B-4D37-90D0-10245315B982}.Debug|Any CPU.Build.0 = Debug|Any CPU
		{877C094E-DB4B-4D37-90D0-10245315B982}.Release|Any CPU.ActiveCfg = Release|Any CPU
		{877C094E-DB4B-4D37-90D0-10245315B982}.Release|Any CPU.Build.0 = Release|Any CPU
	EndGlobalSection
	GlobalSection(SolutionProperties) = preSolution
		HideSolutionNode = FALSE
	EndGlobalSection
	GlobalSection(ExtensibilityGlobals) = postSolution
		SolutionGuid = {5C132CBB-7A98-4465-B4A4-BB10C110BED6}
	EndGlobalSection
EndGlobal
